// !$*UTF8*$!
{
	archiveVersion = 1;
	classes = {
	};
	objectVersion = 55;
	objects = {

/* Begin PBXBuildFile section */
		561947B628D02C98007C5A5C /* AppDelegate.swift in Sources */ = {isa = PBXBuildFile; fileRef = 561947B528D02C98007C5A5C /* AppDelegate.swift */; };
		561947B828D02C98007C5A5C /* SceneDelegate.swift in Sources */ = {isa = PBXBuildFile; fileRef = 561947B728D02C98007C5A5C /* SceneDelegate.swift */; };
		561947BA28D02C98007C5A5C /* ViewController.swift in Sources */ = {isa = PBXBuildFile; fileRef = 561947B928D02C98007C5A5C /* ViewController.swift */; };
		561947BD28D02C98007C5A5C /* Main.storyboard in Resources */ = {isa = PBXBuildFile; fileRef = 561947BB28D02C98007C5A5C /* Main.storyboard */; };
		561947BF28D02C9C007C5A5C /* Assets.xcassets in Resources */ = {isa = PBXBuildFile; fileRef = 561947BE28D02C9C007C5A5C /* Assets.xcassets */; };
		561947C228D02C9C007C5A5C /* LaunchScreen.storyboard in Resources */ = {isa = PBXBuildFile; fileRef = 561947C028D02C9C007C5A5C /* LaunchScreen.storyboard */; };
		561947CD28D02C9C007C5A5C /* HelloiOSTests.swift in Sources */ = {isa = PBXBuildFile; fileRef = 561947CC28D02C9C007C5A5C /* HelloiOSTests.swift */; };
		561947D728D02C9C007C5A5C /* HelloiOSUITests.swift in Sources */ = {isa = PBXBuildFile; fileRef = 561947D628D02C9C007C5A5C /* HelloiOSUITests.swift */; };
		561947D928D02C9C007C5A5C /* HelloiOSUITestsLaunchTests.swift in Sources */ = {isa = PBXBuildFile; fileRef = 561947D828D02C9C007C5A5C /* HelloiOSUITestsLaunchTests.swift */; };
/* End PBXBuildFile section */

/* Begin PBXContainerItemProxy section */
		561947C928D02C9C007C5A5C /* PBXContainerItemProxy */ = {
			isa = PBXContainerItemProxy;
			containerPortal = 561947AA28D02C98007C5A5C /* Project object */;
			proxyType = 1;
			remoteGlobalIDString = 561947B128D02C98007C5A5C;
			remoteInfo = HelloiOS;
		};
		561947D328D02C9C007C5A5C /* PBXContainerItemProxy */ = {
			isa = PBXContainerItemProxy;
			containerPortal = 561947AA28D02C98007C5A5C /* Project object */;
			proxyType = 1;
			remoteGlobalIDString = 561947B128D02C98007C5A5C;
			remoteInfo = HelloiOS;
		};
/* End PBXContainerItemProxy section */

/* Begin PBXFileReference section */
		561947B228D02C98007C5A5C /* HelloiOS.app */ = {isa = PBXFileReference; explicitFileType = wrapper.application; includeInIndex = 0; path = HelloiOS.app; sourceTree = BUILT_PRODUCTS_DIR; };
		561947B528D02C98007C5A5C /* AppDelegate.swift */ = {isa = PBXFileReference; lastKnownFileType = sourcecode.swift; path = AppDelegate.swift; sourceTree = "<group>"; };
		561947B728D02C98007C5A5C /* SceneDelegate.swift */ = {isa = PBXFileReference; lastKnownFileType = sourcecode.swift; path = SceneDelegate.swift; sourceTree = "<group>"; };
		561947B928D02C98007C5A5C /* ViewController.swift */ = {isa = PBXFileReference; lastKnownFileType = sourcecode.swift; path = ViewController.swift; sourceTree = "<group>"; };
		561947BC28D02C98007C5A5C /* Base */ = {isa = PBXFileReference; lastKnownFileType = file.storyboard; name = Base; path = Base.lproj/Main.storyboard; sourceTree = "<group>"; };
		561947BE28D02C9C007C5A5C /* Assets.xcassets */ = {isa = PBXFileReference; lastKnownFileType = folder.assetcatalog; path = Assets.xcassets; sourceTree = "<group>"; };
		561947C128D02C9C007C5A5C /* Base */ = {isa = PBXFileReference; lastKnownFileType = file.storyboard; name = Base; path = Base.lproj/LaunchScreen.storyboard; sourceTree = "<group>"; };
		561947C328D02C9C007C5A5C /* Info.plist */ = {isa = PBXFileReference; lastKnownFileType = text.plist.xml; path = Info.plist; sourceTree = "<group>"; };
		561947C828D02C9C007C5A5C /* HelloiOSTests.xctest */ = {isa = PBXFileReference; explicitFileType = wrapper.cfbundle; includeInIndex = 0; path = HelloiOSTests.xctest; sourceTree = BUILT_PRODUCTS_DIR; };
		561947CC28D02C9C007C5A5C /* HelloiOSTests.swift */ = {isa = PBXFileReference; lastKnownFileType = sourcecode.swift; path = HelloiOSTests.swift; sourceTree = "<group>"; };
		561947D228D02C9C007C5A5C /* HelloiOSUITests.xctest */ = {isa = PBXFileReference; explicitFileType = wrapper.cfbundle; includeInIndex = 0; path = HelloiOSUITests.xctest; sourceTree = BUILT_PRODUCTS_DIR; };
		561947D628D02C9C007C5A5C /* HelloiOSUITests.swift */ = {isa = PBXFileReference; lastKnownFileType = sourcecode.swift; path = HelloiOSUITests.swift; sourceTree = "<group>"; };
		561947D828D02C9C007C5A5C /* HelloiOSUITestsLaunchTests.swift */ = {isa = PBXFileReference; lastKnownFileType = sourcecode.swift; path = HelloiOSUITestsLaunchTests.swift; sourceTree = "<group>"; };
/* End PBXFileReference section */

/* Begin PBXFrameworksBuildPhase section */
		561947AF28D02C98007C5A5C /* Frameworks */ = {
			isa = PBXFrameworksBuildPhase;
			buildActionMask = 2147483647;
			files = (
			);
			runOnlyForDeploymentPostprocessing = 0;
		};
		561947C528D02C9C007C5A5C /* Frameworks */ = {
			isa = PBXFrameworksBuildPhase;
			buildActionMask = 2147483647;
			files = (
			);
			runOnlyForDeploymentPostprocessing = 0;
		};
		561947CF28D02C9C007C5A5C /* Frameworks */ = {
			isa = PBXFrameworksBuildPhase;
			buildActionMask = 2147483647;
			files = (
			);
			runOnlyForDeploymentPostprocessing = 0;
		};
/* End PBXFrameworksBuildPhase section */

/* Begin PBXGroup section */
		561947A928D02C98007C5A5C = {
			isa = PBXGroup;
			children = (
				561947B428D02C98007C5A5C /* HelloiOS */,
				561947CB28D02C9C007C5A5C /* HelloiOSTests */,
				561947D528D02C9C007C5A5C /* HelloiOSUITests */,
				561947B328D02C98007C5A5C /* Products */,
			);
			sourceTree = "<group>";
		};
		561947B328D02C98007C5A5C /* Products */ = {
			isa = PBXGroup;
			children = (
				561947B228D02C98007C5A5C /* HelloiOS.app */,
				561947C828D02C9C007C5A5C /* HelloiOSTests.xctest */,
				561947D228D02C9C007C5A5C /* HelloiOSUITests.xctest */,
			);
			name = Products;
			sourceTree = "<group>";
		};
		561947B428D02C98007C5A5C /* HelloiOS */ = {
			isa = PBXGroup;
			children = (
				561947B528D02C98007C5A5C /* AppDelegate.swift */,
				561947B728D02C98007C5A5C /* SceneDelegate.swift */,
				561947B928D02C98007C5A5C /* ViewController.swift */,
				561947BB28D02C98007C5A5C /* Main.storyboard */,
				561947BE28D02C9C007C5A5C /* Assets.xcassets */,
				561947C028D02C9C007C5A5C /* LaunchScreen.storyboard */,
				561947C328D02C9C007C5A5C /* Info.plist */,
			);
			path = HelloiOS;
			sourceTree = "<group>";
		};
		561947CB28D02C9C007C5A5C /* HelloiOSTests */ = {
			isa = PBXGroup;
			children = (
				561947CC28D02C9C007C5A5C /* HelloiOSTests.swift */,
			);
			path = HelloiOSTests;
			sourceTree = "<group>";
		};
		561947D528D02C9C007C5A5C /* HelloiOSUITests */ = {
			isa = PBXGroup;
			children = (
				561947D628D02C9C007C5A5C /* HelloiOSUITests.swift */,
				561947D828D02C9C007C5A5C /* HelloiOSUITestsLaunchTests.swift */,
			);
			path = HelloiOSUITests;
			sourceTree = "<group>";
		};
/* End PBXGroup section */

/* Begin PBXNativeTarget section */
		561947B128D02C98007C5A5C /* HelloiOS */ = {
			isa = PBXNativeTarget;
			buildConfigurationList = 561947DC28D02C9C007C5A5C /* Build configuration list for PBXNativeTarget "HelloiOS" */;
			buildPhases = (
				561947AE28D02C98007C5A5C /* Sources */,
				561947AF28D02C98007C5A5C /* Frameworks */,
				561947B028D02C98007C5A5C /* Resources */,
			);
			buildRules = (
			);
			dependencies = (
			);
			name = HelloiOS;
			productName = HelloiOS;
			productReference = 561947B228D02C98007C5A5C /* HelloiOS.app */;
			productType = "com.apple.product-type.application";
		};
		561947C728D02C9C007C5A5C /* HelloiOSTests */ = {
			isa = PBXNativeTarget;
			buildConfigurationList = 561947DF28D02C9C007C5A5C /* Build configuration list for PBXNativeTarget "HelloiOSTests" */;
			buildPhases = (
				561947C428D02C9C007C5A5C /* Sources */,
				561947C528D02C9C007C5A5C /* Frameworks */,
				561947C628D02C9C007C5A5C /* Resources */,
			);
			buildRules = (
			);
			dependencies = (
				561947CA28D02C9C007C5A5C /* PBXTargetDependency */,
			);
			name = HelloiOSTests;
			productName = HelloiOSTests;
			productReference = 561947C828D02C9C007C5A5C /* HelloiOSTests.xctest */;
			productType = "com.apple.product-type.bundle.unit-test";
		};
		561947D128D02C9C007C5A5C /* HelloiOSUITests */ = {
			isa = PBXNativeTarget;
			buildConfigurationList = 561947E228D02C9C007C5A5C /* Build configuration list for PBXNativeTarget "HelloiOSUITests" */;
			buildPhases = (
				561947CE28D02C9C007C5A5C /* Sources */,
				561947CF28D02C9C007C5A5C /* Frameworks */,
				561947D028D02C9C007C5A5C /* Resources */,
			);
			buildRules = (
			);
			dependencies = (
				561947D428D02C9C007C5A5C /* PBXTargetDependency */,
			);
			name = HelloiOSUITests;
			productName = HelloiOSUITests;
			productReference = 561947D228D02C9C007C5A5C /* HelloiOSUITests.xctest */;
			productType = "com.apple.product-type.bundle.ui-testing";
		};
/* End PBXNativeTarget section */

/* Begin PBXProject section */
		561947AA28D02C98007C5A5C /* Project object */ = {
			isa = PBXProject;
			attributes = {
				BuildIndependentTargetsInParallel = 1;
				LastSwiftUpdateCheck = 1340;
				LastUpgradeCheck = 1340;
				TargetAttributes = {
					561947B128D02C98007C5A5C = {
						CreatedOnToolsVersion = 13.4.1;
					};
					561947C728D02C9C007C5A5C = {
						CreatedOnToolsVersion = 13.4.1;
						TestTargetID = 561947B128D02C98007C5A5C;
					};
					561947D128D02C9C007C5A5C = {
						CreatedOnToolsVersion = 13.4.1;
						TestTargetID = 561947B128D02C98007C5A5C;
					};
				};
			};
			buildConfigurationList = 561947AD28D02C98007C5A5C /* Build configuration list for PBXProject "HelloiOS" */;
			compatibilityVersion = "Xcode 13.0";
			developmentRegion = en;
			hasScannedForEncodings = 0;
			knownRegions = (
				en,
				Base,
			);
			mainGroup = 561947A928D02C98007C5A5C;
			productRefGroup = 561947B328D02C98007C5A5C /* Products */;
			projectDirPath = "";
			projectRoot = "";
			targets = (
				561947B128D02C98007C5A5C /* HelloiOS */,
				561947C728D02C9C007C5A5C /* HelloiOSTests */,
				561947D128D02C9C007C5A5C /* HelloiOSUITests */,
			);
		};
/* End PBXProject section */

/* Begin PBXResourcesBuildPhase section */
		561947B028D02C98007C5A5C /* Resources */ = {
			isa = PBXResourcesBuildPhase;
			buildActionMask = 2147483647;
			files = (
				561947C228D02C9C007C5A5C /* LaunchScreen.storyboard in Resources */,
				561947BF28D02C9C007C5A5C /* Assets.xcassets in Resources */,
				561947BD28D02C98007C5A5C /* Main.storyboard in Resources */,
			);
			runOnlyForDeploymentPostprocessing = 0;
		};
		561947C628D02C9C007C5A5C /* Resources */ = {
			isa = PBXResourcesBuildPhase;
			buildActionMask = 2147483647;
			files = (
			);
			runOnlyForDeploymentPostprocessing = 0;
		};
		561947D028D02C9C007C5A5C /* Resources */ = {
			isa = PBXResourcesBuildPhase;
			buildActionMask = 2147483647;
			files = (
			);
			runOnlyForDeploymentPostprocessing = 0;
		};
/* End PBXResourcesBuildPhase section */

/* Begin PBXSourcesBuildPhase section */
		561947AE28D02C98007C5A5C /* Sources */ = {
			isa = PBXSourcesBuildPhase;
			buildActionMask = 2147483647;
			files = (
				561947BA28D02C98007C5A5C /* ViewController.swift in Sources */,
				561947B628D02C98007C5A5C /* AppDelegate.swift in Sources */,
				561947B828D02C98007C5A5C /* SceneDelegate.swift in Sources */,
			);
			runOnlyForDeploymentPostprocessing = 0;
		};
		561947C428D02C9C007C5A5C /* Sources */ = {
			isa = PBXSourcesBuildPhase;
			buildActionMask = 2147483647;
			files = (
				561947CD28D02C9C007C5A5C /* HelloiOSTests.swift in Sources */,
			);
			runOnlyForDeploymentPostprocessing = 0;
		};
		561947CE28D02C9C007C5A5C /* Sources */ = {
			isa = PBXSourcesBuildPhase;
			buildActionMask = 2147483647;
			files = (
				561947D928D02C9C007C5A5C /* HelloiOSUITestsLaunchTests.swift in Sources */,
				561947D728D02C9C007C5A5C /* HelloiOSUITests.swift in Sources */,
			);
			runOnlyForDeploymentPostprocessing = 0;
		};
/* End PBXSourcesBuildPhase section */

/* Begin PBXTargetDependency section */
		561947CA28D02C9C007C5A5C /* PBXTargetDependency */ = {
			isa = PBXTargetDependency;
			target = 561947B128D02C98007C5A5C /* HelloiOS */;
			targetProxy = 561947C928D02C9C007C5A5C /* PBXContainerItemProxy */;
		};
		561947D428D02C9C007C5A5C /* PBXTargetDependency */ = {
			isa = PBXTargetDependency;
			target = 561947B128D02C98007C5A5C /* HelloiOS */;
			targetProxy = 561947D328D02C9C007C5A5C /* PBXContainerItemProxy */;
		};
/* End PBXTargetDependency section */

/* Begin PBXVariantGroup section */
		561947BB28D02C98007C5A5C /* Main.storyboard */ = {
			isa = PBXVariantGroup;
			children = (
				561947BC28D02C98007C5A5C /* Base */,
			);
			name = Main.storyboard;
			sourceTree = "<group>";
		};
		561947C028D02C9C007C5A5C /* LaunchScreen.storyboard */ = {
			isa = PBXVariantGroup;
			children = (
				561947C128D02C9C007C5A5C /* Base */,
			);
			name = LaunchScreen.storyboard;
			sourceTree = "<group>";
		};
/* End PBXVariantGroup section */

/* Begin XCBuildConfiguration section */
		561947DA28D02C9C007C5A5C /* Debug */ = {
			isa = XCBuildConfiguration;
			buildSettings = {
				ALWAYS_SEARCH_USER_PATHS = NO;
				CLANG_ANALYZER_NONNULL = YES;
				CLANG_ANALYZER_NUMBER_OBJECT_CONVERSION = YES_AGGRESSIVE;
				CLANG_CXX_LANGUAGE_STANDARD = "gnu++17";
				CLANG_ENABLE_MODULES = YES;
				CLANG_ENABLE_OBJC_ARC = YES;
				CLANG_ENABLE_OBJC_WEAK = YES;
				CLANG_WARN_BLOCK_CAPTURE_AUTORELEASING = YES;
				CLANG_WARN_BOOL_CONVERSION = YES;
				CLANG_WARN_COMMA = YES;
				CLANG_WARN_CONSTANT_CONVERSION = YES;
				CLANG_WARN_DEPRECATED_OBJC_IMPLEMENTATIONS = YES;
				CLANG_WARN_DIRECT_OBJC_ISA_USAGE = YES_ERROR;
				CLANG_WARN_DOCUMENTATION_COMMENTS = YES;
				CLANG_WARN_EMPTY_BODY = YES;
				CLANG_WARN_ENUM_CONVERSION = YES;
				CLANG_WARN_INFINITE_RECURSION = YES;
				CLANG_WARN_INT_CONVERSION = YES;
				CLANG_WARN_NON_LITERAL_NULL_CONVERSION = YES;
				CLANG_WARN_OBJC_IMPLICIT_RETAIN_SELF = YES;
				CLANG_WARN_OBJC_LITERAL_CONVERSION = YES;
				CLANG_WARN_OBJC_ROOT_CLASS = YES_ERROR;
				CLANG_WARN_QUOTED_INCLUDE_IN_FRAMEWORK_HEADER = YES;
				CLANG_WARN_RANGE_LOOP_ANALYSIS = YES;
				CLANG_WARN_STRICT_PROTOTYPES = YES;
				CLANG_WARN_SUSPICIOUS_MOVE = YES;
				CLANG_WARN_UNGUARDED_AVAILABILITY = YES_AGGRESSIVE;
				CLANG_WARN_UNREACHABLE_CODE = YES;
				CLANG_WARN__DUPLICATE_METHOD_MATCH = YES;
				COPY_PHASE_STRIP = NO;
				DEBUG_INFORMATION_FORMAT = dwarf;
				ENABLE_STRICT_OBJC_MSGSEND = YES;
				ENABLE_TESTABILITY = YES;
				GCC_C_LANGUAGE_STANDARD = gnu11;
				GCC_DYNAMIC_NO_PIC = NO;
				GCC_NO_COMMON_BLOCKS = YES;
				GCC_OPTIMIZATION_LEVEL = 0;
				GCC_PREPROCESSOR_DEFINITIONS = (
					"DEBUG=1",
					"$(inherited)",
				);
				GCC_WARN_64_TO_32_BIT_CONVERSION = YES;
				GCC_WARN_ABOUT_RETURN_TYPE = YES_ERROR;
				GCC_WARN_UNDECLARED_SELECTOR = YES;
				GCC_WARN_UNINITIALIZED_AUTOS = YES_AGGRESSIVE;
				GCC_WARN_UNUSED_FUNCTION = YES;
				GCC_WARN_UNUSED_VARIABLE = YES;
				IPHONEOS_DEPLOYMENT_TARGET = 15.5;
				MTL_ENABLE_DEBUG_INFO = INCLUDE_SOURCE;
				MTL_FAST_MATH = YES;
				ONLY_ACTIVE_ARCH = YES;
				SDKROOT = iphoneos;
				SWIFT_ACTIVE_COMPILATION_CONDITIONS = DEBUG;
				SWIFT_OPTIMIZATION_LEVEL = "-Onone";
			};
			name = Debug;
		};
		561947DB28D02C9C007C5A5C /* Release */ = {
			isa = XCBuildConfiguration;
			buildSettings = {
				ALWAYS_SEARCH_USER_PATHS = NO;
				CLANG_ANALYZER_NONNULL = YES;
				CLANG_ANALYZER_NUMBER_OBJECT_CONVERSION = YES_AGGRESSIVE;
				CLANG_CXX_LANGUAGE_STANDARD = "gnu++17";
				CLANG_ENABLE_MODULES = YES;
				CLANG_ENABLE_OBJC_ARC = YES;
				CLANG_ENABLE_OBJC_WEAK = YES;
				CLANG_WARN_BLOCK_CAPTURE_AUTORELEASING = YES;
				CLANG_WARN_BOOL_CONVERSION = YES;
				CLANG_WARN_COMMA = YES;
				CLANG_WARN_CONSTANT_CONVERSION = YES;
				CLANG_WARN_DEPRECATED_OBJC_IMPLEMENTATIONS = YES;
				CLANG_WARN_DIRECT_OBJC_ISA_USAGE = YES_ERROR;
				CLANG_WARN_DOCUMENTATION_COMMENTS = YES;
				CLANG_WARN_EMPTY_BODY = YES;
				CLANG_WARN_ENUM_CONVERSION = YES;
				CLANG_WARN_INFINITE_RECURSION = YES;
				CLANG_WARN_INT_CONVERSION = YES;
				CLANG_WARN_NON_LITERAL_NULL_CONVERSION = YES;
				CLANG_WARN_OBJC_IMPLICIT_RETAIN_SELF = YES;
				CLANG_WARN_OBJC_LITERAL_CONVERSION = YES;
				CLANG_WARN_OBJC_ROOT_CLASS = YES_ERROR;
				CLANG_WARN_QUOTED_INCLUDE_IN_FRAMEWORK_HEADER = YES;
				CLANG_WARN_RANGE_LOOP_ANALYSIS = YES;
				CLANG_WARN_STRICT_PROTOTYPES = YES;
				CLANG_WARN_SUSPICIOUS_MOVE = YES;
				CLANG_WARN_UNGUARDED_AVAILABILITY = YES_AGGRESSIVE;
				CLANG_WARN_UNREACHABLE_CODE = YES;
				CLANG_WARN__DUPLICATE_METHOD_MATCH = YES;
				COPY_PHASE_STRIP = NO;
				DEBUG_INFORMATION_FORMAT = "dwarf-with-dsym";
				ENABLE_NS_ASSERTIONS = NO;
				ENABLE_STRICT_OBJC_MSGSEND = YES;
				GCC_C_LANGUAGE_STANDARD = gnu11;
				GCC_NO_COMMON_BLOCKS = YES;
				GCC_WARN_64_TO_32_BIT_CONVERSION = YES;
				GCC_WARN_ABOUT_RETURN_TYPE = YES_ERROR;
				GCC_WARN_UNDECLARED_SELECTOR = YES;
				GCC_WARN_UNINITIALIZED_AUTOS = YES_AGGRESSIVE;
				GCC_WARN_UNUSED_FUNCTION = YES;
				GCC_WARN_UNUSED_VARIABLE = YES;
				IPHONEOS_DEPLOYMENT_TARGET = 15.5;
				MTL_ENABLE_DEBUG_INFO = NO;
				MTL_FAST_MATH = YES;
				SDKROOT = iphoneos;
				SWIFT_COMPILATION_MODE = wholemodule;
				SWIFT_OPTIMIZATION_LEVEL = "-O";
				VALIDATE_PRODUCT = YES;
			};
			name = Release;
		};
		561947DD28D02C9C007C5A5C /* Debug */ = {
			isa = XCBuildConfiguration;
			buildSettings = {
				ASSETCATALOG_COMPILER_APPICON_NAME = AppIcon;
				ASSETCATALOG_COMPILER_GLOBAL_ACCENT_COLOR_NAME = AccentColor;
				CODE_SIGN_STYLE = Automatic;
				CURRENT_PROJECT_VERSION = 1;
				GENERATE_INFOPLIST_FILE = YES;
				INFOPLIST_FILE = HelloiOS/Info.plist;
				INFOPLIST_KEY_UIApplicationSupportsIndirectInputEvents = YES;
				INFOPLIST_KEY_UILaunchStoryboardName = LaunchScreen;
				INFOPLIST_KEY_UIMainStoryboardFile = Main;
				INFOPLIST_KEY_UISupportedInterfaceOrientations_iPad = "UIInterfaceOrientationPortrait UIInterfaceOrientationPortraitUpsideDown UIInterfaceOrientationLandscapeLeft UIInterfaceOrientationLandscapeRight";
				INFOPLIST_KEY_UISupportedInterfaceOrientations_iPhone = "UIInterfaceOrientationPortrait UIInterfaceOrientationLandscapeLeft UIInterfaceOrientationLandscapeRight";
				LD_RUNPATH_SEARCH_PATHS = (
					"$(inherited)",
					"@executable_path/Frameworks",
				);
				MARKETING_VERSION = 1.0;
				PRODUCT_BUNDLE_IDENTIFIER = jgh.HelloiOS;
				PRODUCT_NAME = "$(TARGET_NAME)";
				SWIFT_EMIT_LOC_STRINGS = YES;
				SWIFT_VERSION = 5.0;
				TARGETED_DEVICE_FAMILY = "1,2";
			};
			name = Debug;
		};
		561947DE28D02C9C007C5A5C /* Release */ = {
			isa = XCBuildConfiguration;
			buildSettings = {
				ASSETCATALOG_COMPILER_APPICON_NAME = AppIcon;
				ASSETCATALOG_COMPILER_GLOBAL_ACCENT_COLOR_NAME = AccentColor;
				CODE_SIGN_STYLE = Automatic;
				CURRENT_PROJECT_VERSION = 1;
				GENERATE_INFOPLIST_FILE = YES;
				INFOPLIST_FILE = HelloiOS/Info.plist;
				INFOPLIST_KEY_UIApplicationSupportsIndirectInputEvents = YES;
				INFOPLIST_KEY_UILaunchStoryboardName = LaunchScreen;
				INFOPLIST_KEY_UIMainStoryboardFile = Main;
				INFOPLIST_KEY_UISupportedInterfaceOrientations_iPad = "UIInterfaceOrientationPortrait UIInterfaceOrientationPortraitUpsideDown UIInterfaceOrientationLandscapeLeft UIInterfaceOrientationLandscapeRight";
				INFOPLIST_KEY_UISupportedInterfaceOrientations_iPhone = "UIInterfaceOrientationPortrait UIInterfaceOrientationLandscapeLeft UIInterfaceOrientationLandscapeRight";
				LD_RUNPATH_SEARCH_PATHS = (
					"$(inherited)",
					"@executable_path/Frameworks",
				);
				MARKETING_VERSION = 1.0;
				PRODUCT_BUNDLE_IDENTIFIER = jgh.HelloiOS;
				PRODUCT_NAME = "$(TARGET_NAME)";
				SWIFT_EMIT_LOC_STRINGS = YES;
				SWIFT_VERSION = 5.0;
				TARGETED_DEVICE_FAMILY = "1,2";
			};
			name = Release;
		};
		561947E028D02C9C007C5A5C /* Debug */ = {
			isa = XCBuildConfiguration;
			buildSettings = {
				ALWAYS_EMBED_SWIFT_STANDARD_LIBRARIES = YES;
				BUNDLE_LOADER = "$(TEST_HOST)";
				CODE_SIGN_STYLE = Automatic;
				CURRENT_PROJECT_VERSION = 1;
				GENERATE_INFOPLIST_FILE = YES;
				IPHONEOS_DEPLOYMENT_TARGET = 15.5;
				MARKETING_VERSION = 1.0;
				PRODUCT_BUNDLE_IDENTIFIER = jgh.HelloiOSTests;
				PRODUCT_NAME = "$(TARGET_NAME)";
				SWIFT_EMIT_LOC_STRINGS = NO;
				SWIFT_VERSION = 5.0;
				TARGETED_DEVICE_FAMILY = "1,2";
				TEST_HOST = "$(BUILT_PRODUCTS_DIR)/HelloiOS.app/HelloiOS";
			};
			name = Debug;
		};
		561947E128D02C9C007C5A5C /* Release */ = {
			isa = XCBuildConfiguration;
			buildSettings = {
				ALWAYS_EMBED_SWIFT_STANDARD_LIBRARIES = YES;
				BUNDLE_LOADER = "$(TEST_HOST)";
				CODE_SIGN_STYLE = Automatic;
				CURRENT_PROJECT_VERSION = 1;
				GENERATE_INFOPLIST_FILE = YES;
				IPHONEOS_DEPLOYMENT_TARGET = 15.5;
				MARKETING_VERSION = 1.0;
				PRODUCT_BUNDLE_IDENTIFIER = jgh.HelloiOSTests;
				PRODUCT_NAME = "$(TARGET_NAME)";
				SWIFT_EMIT_LOC_STRINGS = NO;
				SWIFT_VERSION = 5.0;
				TARGETED_DEVICE_FAMILY = "1,2";
				TEST_HOST = "$(BUILT_PRODUCTS_DIR)/HelloiOS.app/HelloiOS";
			};
			name = Release;
		};
		561947E328D02C9C007C5A5C /* Debug */ = {
			isa = XCBuildConfiguration;
			buildSettings = {
				ALWAYS_EMBED_SWIFT_STANDARD_LIBRARIES = YES;
				CODE_SIGN_STYLE = Automatic;
				CURRENT_PROJECT_VERSION = 1;
				GENERATE_INFOPLIST_FILE = YES;
				MARKETING_VERSION = 1.0;
				PRODUCT_BUNDLE_IDENTIFIER = jgh.HelloiOSUITests;
				PRODUCT_NAME = "$(TARGET_NAME)";
				SWIFT_EMIT_LOC_STRINGS = NO;
				SWIFT_VERSION = 5.0;
				TARGETED_DEVICE_FAMILY = "1,2";
				TEST_TARGET_NAME = HelloiOS;
			};
			name = Debug;
		};
		561947E428D02C9C007C5A5C /* Release */ = {
			isa = XCBuildConfiguration;
			buildSettings = {
				ALWAYS_EMBED_SWIFT_STANDARD_LIBRARIES = YES;
				CODE_SIGN_STYLE = Automatic;
				CURRENT_PROJECT_VERSION = 1;
				GENERATE_INFOPLIST_FILE = YES;
				MARKETING_VERSION = 1.0;
				PRODUCT_BUNDLE_IDENTIFIER = jgh.HelloiOSUITests;
				PRODUCT_NAME = "$(TARGET_NAME)";
				SWIFT_EMIT_LOC_STRINGS = NO;
				SWIFT_VERSION = 5.0;
				TARGETED_DEVICE_FAMILY = "1,2";
				TEST_TARGET_NAME = HelloiOS;
			};
			name = Release;
		};
/* End XCBuildConfiguration section */

/* Begin XCConfigurationList section */
		561947AD28D02C98007C5A5C /* Build configuration list for PBXProject "HelloiOS" */ = {
			isa = XCConfigurationList;
			buildConfigurations = (
				561947DA28D02C9C007C5A5C /* Debug */,
				561947DB28D02C9C007C5A5C /* Release */,
			);
			defaultConfigurationIsVisible = 0;
			defaultConfigurationName = Release;
		};
		561947DC28D02C9C007C5A5C /* Build configuration list for PBXNativeTarget "HelloiOS" */ = {
			isa = XCConfigurationList;
			buildConfigurations = (
				561947DD28D02C9C007C5A5C /* Debug */,
				561947DE28D02C9C007C5A5C /* Release */,
			);
			defaultConfigurationIsVisible = 0;
			defaultConfigurationName = Release;
		};
		561947DF28D02C9C007C5A5C /* Build configuration list for PBXNativeTarget "HelloiOSTests" */ = {
			isa = XCConfigurationList;
			buildConfigurations = (
				561947E028D02C9C007C5A5C /* Debug */,
				561947E128D02C9C007C5A5C /* Release */,
			);
			defaultConfigurationIsVisible = 0;
			defaultConfigurationName = Release;
		};
		561947E228D02C9C007C5A5C /* Build configuration list for PBXNativeTarget "HelloiOSUITests" */ = {
			isa = XCConfigurationList;
			buildConfigurations = (
				561947E328D02C9C007C5A5C /* Debug */,
				561947E428D02C9C007C5A5C /* Release */,
			);
			defaultConfigurationIsVisible = 0;
			defaultConfigurationName = Release;
		};
/* End XCConfigurationList section */
	};
	rootObject = 561947AA28D02C98007C5A5C /* Project object */;
}
